// !$*UTF8*$!
{
	archiveVersion = 1;
	classes = {
	};
	objectVersion = 55;
	objects = {

/* Begin PBXBuildFile section */
		C701990A2818C5C400AAEF0A /* MemojiCollectorApp.swift in Sources */ = {isa = PBXBuildFile; fileRef = C70199092818C5C400AAEF0A /* MemojiCollectorApp.swift */; };
		C701990C2818C5C400AAEF0A /* MainView.swift in Sources */ = {isa = PBXBuildFile; fileRef = C701990B2818C5C400AAEF0A /* MainView.swift */; };
		C701990E2818C5C500AAEF0A /* Assets.xcassets in Resources */ = {isa = PBXBuildFile; fileRef = C701990D2818C5C500AAEF0A /* Assets.xcassets */; };
		C70199112818C5C500AAEF0A /* Preview Assets.xcassets in Resources */ = {isa = PBXBuildFile; fileRef = C70199102818C5C500AAEF0A /* Preview Assets.xcassets */; };
		C715D43F2859890C005A22A9 /* TempMemojiCardView.swift in Sources */ = {isa = PBXBuildFile; fileRef = C715D43E2859890C005A22A9 /* TempMemojiCardView.swift */; };
		C7180A5628BBC27E004ACF0D /* UserDefaultManager.swift in Sources */ = {isa = PBXBuildFile; fileRef = C7180A5528BBC27E004ACF0D /* UserDefaultManager.swift */; };
		C730A54C2822594A00526965 /* MyMemojiViewModel.swift in Sources */ = {isa = PBXBuildFile; fileRef = C730A54B2822594A00526965 /* MyMemojiViewModel.swift */; };
		C730A54F28225B9E00526965 /* MakeMemojiViewModel.swift in Sources */ = {isa = PBXBuildFile; fileRef = C730A54E28225B9E00526965 /* MakeMemojiViewModel.swift */; };
		C730A5512822622A00526965 /* MemojiCardViewLocalDataModel.swift in Sources */ = {isa = PBXBuildFile; fileRef = C730A5502822622A00526965 /* MemojiCardViewLocalDataModel.swift */; };
		C730A554282294C000526965 /* MemojiDetaillViewModel.swift in Sources */ = {isa = PBXBuildFile; fileRef = C730A553282294C000526965 /* MemojiDetaillViewModel.swift */; };
		C73C45662819155600E41406 /* MemojiCardViewLocalData.swift in Sources */ = {isa = PBXBuildFile; fileRef = C73C45652819155600E41406 /* MemojiCardViewLocalData.swift */; };
		C73C45682819241100E41406 /* MyMemojiView.swift in Sources */ = {isa = PBXBuildFile; fileRef = C73C45672819241100E41406 /* MyMemojiView.swift */; };
		C73C456A2819245D00E41406 /* MakeMemojiCardView.swift in Sources */ = {isa = PBXBuildFile; fileRef = C73C45692819245D00E41406 /* MakeMemojiCardView.swift */; };
		C73C456C281924A400E41406 /* MemojiDetailView.swift in Sources */ = {isa = PBXBuildFile; fileRef = C73C456B281924A400E41406 /* MemojiDetailView.swift */; };
		C73C456E28192EA100E41406 /* RegisterUserView.swift in Sources */ = {isa = PBXBuildFile; fileRef = C73C456D28192EA100E41406 /* RegisterUserView.swift */; };
		C74EA4D828214FA1001CDE03 /* GridCardView.swift in Sources */ = {isa = PBXBuildFile; fileRef = C74EA4D728214FA1001CDE03 /* GridCardView.swift */; };
		C771269928647B5300E5954B /* IntroView.swift in Sources */ = {isa = PBXBuildFile; fileRef = C771269828647B5300E5954B /* IntroView.swift */; };
		C771269D286530C900E5954B /* QRCodeView.swift in Sources */ = {isa = PBXBuildFile; fileRef = C771269C286530C900E5954B /* QRCodeView.swift */; };
		C77440BD28352F3100EEB6DE /* Launch Screen.storyboard in Resources */ = {isa = PBXBuildFile; fileRef = C77440BC28352F3100EEB6DE /* Launch Screen.storyboard */; };
		C77FF5AC281B020200518079 /* ActivityViewController.swift in Sources */ = {isa = PBXBuildFile; fileRef = C77FF5AB281B020200518079 /* ActivityViewController.swift */; };
		C78CC58C28A60D6A00B3B243 /* NetworkService.swift in Sources */ = {isa = PBXBuildFile; fileRef = C78CC58B28A60D6A00B3B243 /* NetworkService.swift */; };
		C78CC58E28A60D7400B3B243 /* NetworkManager.swift in Sources */ = {isa = PBXBuildFile; fileRef = C78CC58D28A60D7400B3B243 /* NetworkManager.swift */; };
		C78CC59128A60D8C00B3B243 /* NetworkError.swift in Sources */ = {isa = PBXBuildFile; fileRef = C78CC59028A60D8C00B3B243 /* NetworkError.swift */; };
		C78CC59328A60DA700B3B243 /* HTTPMethod.swift in Sources */ = {isa = PBXBuildFile; fileRef = C78CC59228A60DA700B3B243 /* HTTPMethod.swift */; };
		C78CC5C828A6415500B3B243 /* PasswordView_.swift in Sources */ = {isa = PBXBuildFile; fileRef = C78CC5C528A6415500B3B243 /* PasswordView_.swift */; };
		C78CC5C928A6415500B3B243 /* LockView_.swift in Sources */ = {isa = PBXBuildFile; fileRef = C78CC5C628A6415500B3B243 /* LockView_.swift */; };
		C78CC5CA28A6415500B3B243 /* SetPasswordView_.swift in Sources */ = {isa = PBXBuildFile; fileRef = C78CC5C728A6415500B3B243 /* SetPasswordView_.swift */; };
		C78CC5CC28A6415D00B3B243 /* PasswordViewModel_.swift in Sources */ = {isa = PBXBuildFile; fileRef = C78CC5CB28A6415D00B3B243 /* PasswordViewModel_.swift */; };
		C78CC5CE28A6465900B3B243 /* UserDTO.swift in Sources */ = {isa = PBXBuildFile; fileRef = C78CC5CD28A6465900B3B243 /* UserDTO.swift */; };
		C78CC5D028A6465F00B3B243 /* CardDTO.swift in Sources */ = {isa = PBXBuildFile; fileRef = C78CC5CF28A6465F00B3B243 /* CardDTO.swift */; };
		C78CC5D228A6470900B3B243 /* RequestDTO.swift in Sources */ = {isa = PBXBuildFile; fileRef = C78CC5D128A6470900B3B243 /* RequestDTO.swift */; };
		C78CC5D528A64D7E00B3B243 /* RouteProtocol.swift in Sources */ = {isa = PBXBuildFile; fileRef = C78CC5D428A64D7E00B3B243 /* RouteProtocol.swift */; };
		C78CC5D728A6B54E00B3B243 /* MemojiCardView.swift in Sources */ = {isa = PBXBuildFile; fileRef = C78CC5D628A6B54E00B3B243 /* MemojiCardView.swift */; };
		C78CC5D928A6B7D200B3B243 /* MemojiCardViewModel.swift in Sources */ = {isa = PBXBuildFile; fileRef = C78CC5D828A6B7D200B3B243 /* MemojiCardViewModel.swift */; };
		C78CC5DB28A6BA6A00B3B243 /* StorageManager.swift in Sources */ = {isa = PBXBuildFile; fileRef = C78CC5DA28A6BA6A00B3B243 /* StorageManager.swift */; };
		C790A0F828A288800098DBA4 /* CloudKit.framework in Frameworks */ = {isa = PBXBuildFile; fileRef = C790A0F728A288800098DBA4 /* CloudKit.framework */; };
		C79F852F281A1175001D013F /* MemojiCardModel.swift in Sources */ = {isa = PBXBuildFile; fileRef = C79F852E281A1175001D013F /* MemojiCardModel.swift */; };
		C7A3D88A28659C60000F01C1 /* FirebaseAuth in Frameworks */ = {isa = PBXBuildFile; productRef = C7A3D88928659C60000F01C1 /* FirebaseAuth */; };
		C7A3D88C28659C60000F01C1 /* FirebaseMessaging in Frameworks */ = {isa = PBXBuildFile; productRef = C7A3D88B28659C60000F01C1 /* FirebaseMessaging */; };
		C7A3D88E28659C60000F01C1 /* FirebaseStorage in Frameworks */ = {isa = PBXBuildFile; productRef = C7A3D88D28659C60000F01C1 /* FirebaseStorage */; };
		C7A3D8902865AE67000F01C1 /* String+Extension.swift in Sources */ = {isa = PBXBuildFile; fileRef = C7A3D88F2865AE67000F01C1 /* String+Extension.swift */; };
		C7A3D8932865B372000F01C1 /* FirebaseStorageCombine-Community in Frameworks */ = {isa = PBXBuildFile; productRef = C7A3D8922865B372000F01C1 /* FirebaseStorageCombine-Community */; };
		C7A3D8952865B376000F01C1 /* FirebaseStorageSwift-Beta in Frameworks */ = {isa = PBXBuildFile; productRef = C7A3D8942865B376000F01C1 /* FirebaseStorageSwift-Beta */; settings = {ATTRIBUTES = (Required, ); }; };
		C7A3D8972865B47C000F01C1 /* GoogleService-Info.plist in Resources */ = {isa = PBXBuildFile; fileRef = C7A3D8962865B47C000F01C1 /* GoogleService-Info.plist */; };
		C7A816BF282AB8820075D136 /* SettingView.swift in Sources */ = {isa = PBXBuildFile; fileRef = C7A816BE282AB8820075D136 /* SettingView.swift */; };
		C7A816C2282AB99A0075D136 /* ChangeNameView.swift in Sources */ = {isa = PBXBuildFile; fileRef = C7A816C1282AB99A0075D136 /* ChangeNameView.swift */; };
		C7A816C4282ABE860075D136 /* ResetView.swift in Sources */ = {isa = PBXBuildFile; fileRef = C7A816C3282ABE860075D136 /* ResetView.swift */; };
		C7B369F72820347800B05DED /* DeletedCardView.swift in Sources */ = {isa = PBXBuildFile; fileRef = C7B369F62820347800B05DED /* DeletedCardView.swift */; };
		C7B369F9282034BC00B05DED /* EmptyCardView.swift in Sources */ = {isa = PBXBuildFile; fileRef = C7B369F8282034BC00B05DED /* EmptyCardView.swift */; };
		C7B369FB2820350200B05DED /* MakeCardView.swift in Sources */ = {isa = PBXBuildFile; fileRef = C7B369FA2820350200B05DED /* MakeCardView.swift */; };
		C7C5025628594EEC00B9C5BD /* GuideView.swift in Sources */ = {isa = PBXBuildFile; fileRef = C7C5025528594EEC00B9C5BD /* GuideView.swift */; };
		C7D0F51E2867039A008F17F5 /* MainViewModel.swift in Sources */ = {isa = PBXBuildFile; fileRef = C7D0F51D2867039A008F17F5 /* MainViewModel.swift */; };
		C7D0F52128677822008F17F5 /* MemojiTextView.swift in Sources */ = {isa = PBXBuildFile; fileRef = C7D0F52028677822008F17F5 /* MemojiTextView.swift */; };
		C7D0F5242867785B008F17F5 /* MemojiTextViewDelegate.swift in Sources */ = {isa = PBXBuildFile; fileRef = C7D0F5232867785B008F17F5 /* MemojiTextViewDelegate.swift */; };
		C7D499B7281E47E700440C07 /* IntroView+Extension.swift in Sources */ = {isa = PBXBuildFile; fileRef = C7D499B6281E47E700440C07 /* IntroView+Extension.swift */; };
		C7D499BB281E48BB00440C07 /* JsonManagerClass.swift in Sources */ = {isa = PBXBuildFile; fileRef = C7D499BA281E48BB00440C07 /* JsonManagerClass.swift */; };
		C7D969BD28683F65000AB5E5 /* AppStorageKey_.swift in Sources */ = {isa = PBXBuildFile; fileRef = C73C456F2819300D00E41406 /* AppStorageKey_.swift */; };
		C7E22249283B9E09002F0E21 /* SettingViewModel.swift in Sources */ = {isa = PBXBuildFile; fileRef = C7E22248283B9E09002F0E21 /* SettingViewModel.swift */; };
		C7E2224B283BAA4C002F0E21 /* UITextView+Extension.swift in Sources */ = {isa = PBXBuildFile; fileRef = C7E2224A283BAA4C002F0E21 /* UITextView+Extension.swift */; };
		C7E2224D283BAA95002F0E21 /* NSTextAttachment+Extension.swift in Sources */ = {isa = PBXBuildFile; fileRef = C7E2224C283BAA95002F0E21 /* NSTextAttachment+Extension.swift */; };
		C7F0307D281D27B90072CC11 /* AppDelegate.swift in Sources */ = {isa = PBXBuildFile; fileRef = C7F0307C281D27B90072CC11 /* AppDelegate.swift */; };
/* End PBXBuildFile section */

/* Begin PBXFileReference section */
		C70199062818C5C400AAEF0A /* MemojiCollector.app */ = {isa = PBXFileReference; explicitFileType = wrapper.application; includeInIndex = 0; path = MemojiCollector.app; sourceTree = BUILT_PRODUCTS_DIR; };
		C70199092818C5C400AAEF0A /* MemojiCollectorApp.swift */ = {isa = PBXFileReference; lastKnownFileType = sourcecode.swift; path = MemojiCollectorApp.swift; sourceTree = "<group>"; };
		C701990B2818C5C400AAEF0A /* MainView.swift */ = {isa = PBXFileReference; lastKnownFileType = sourcecode.swift; path = MainView.swift; sourceTree = "<group>"; };
		C701990D2818C5C500AAEF0A /* Assets.xcassets */ = {isa = PBXFileReference; lastKnownFileType = folder.assetcatalog; path = Assets.xcassets; sourceTree = "<group>"; };
		C70199102818C5C500AAEF0A /* Preview Assets.xcassets */ = {isa = PBXFileReference; lastKnownFileType = folder.assetcatalog; path = "Preview Assets.xcassets"; sourceTree = "<group>"; };
		C709F46B2819948A00C3F74C /* Info.plist */ = {isa = PBXFileReference; lastKnownFileType = text.plist; path = Info.plist; sourceTree = "<group>"; };
		C715D43E2859890C005A22A9 /* TempMemojiCardView.swift */ = {isa = PBXFileReference; lastKnownFileType = sourcecode.swift; path = TempMemojiCardView.swift; sourceTree = "<group>"; };
		C7180A5528BBC27E004ACF0D /* UserDefaultManager.swift */ = {isa = PBXFileReference; lastKnownFileType = sourcecode.swift; path = UserDefaultManager.swift; sourceTree = "<group>"; };
		C730A54B2822594A00526965 /* MyMemojiViewModel.swift */ = {isa = PBXFileReference; lastKnownFileType = sourcecode.swift; path = MyMemojiViewModel.swift; sourceTree = "<group>"; };
		C730A54E28225B9E00526965 /* MakeMemojiViewModel.swift */ = {isa = PBXFileReference; lastKnownFileType = sourcecode.swift; path = MakeMemojiViewModel.swift; sourceTree = "<group>"; };
		C730A5502822622A00526965 /* MemojiCardViewLocalDataModel.swift */ = {isa = PBXFileReference; lastKnownFileType = sourcecode.swift; path = MemojiCardViewLocalDataModel.swift; sourceTree = "<group>"; };
		C730A553282294C000526965 /* MemojiDetaillViewModel.swift */ = {isa = PBXFileReference; lastKnownFileType = sourcecode.swift; path = MemojiDetaillViewModel.swift; sourceTree = "<group>"; };
		C73C45652819155600E41406 /* MemojiCardViewLocalData.swift */ = {isa = PBXFileReference; lastKnownFileType = sourcecode.swift; path = MemojiCardViewLocalData.swift; sourceTree = "<group>"; };
		C73C45672819241100E41406 /* MyMemojiView.swift */ = {isa = PBXFileReference; lastKnownFileType = sourcecode.swift; path = MyMemojiView.swift; sourceTree = "<group>"; };
		C73C45692819245D00E41406 /* MakeMemojiCardView.swift */ = {isa = PBXFileReference; lastKnownFileType = sourcecode.swift; path = MakeMemojiCardView.swift; sourceTree = "<group>"; };
		C73C456B281924A400E41406 /* MemojiDetailView.swift */ = {isa = PBXFileReference; lastKnownFileType = sourcecode.swift; path = MemojiDetailView.swift; sourceTree = "<group>"; };
		C73C456D28192EA100E41406 /* RegisterUserView.swift */ = {isa = PBXFileReference; lastKnownFileType = sourcecode.swift; path = RegisterUserView.swift; sourceTree = "<group>"; };
		C73C456F2819300D00E41406 /* AppStorageKey_.swift */ = {isa = PBXFileReference; lastKnownFileType = sourcecode.swift; path = AppStorageKey_.swift; sourceTree = "<group>"; };
		C74EA4D728214FA1001CDE03 /* GridCardView.swift */ = {isa = PBXFileReference; lastKnownFileType = sourcecode.swift; path = GridCardView.swift; sourceTree = "<group>"; };
		C771269828647B5300E5954B /* IntroView.swift */ = {isa = PBXFileReference; lastKnownFileType = sourcecode.swift; path = IntroView.swift; sourceTree = "<group>"; };
		C771269C286530C900E5954B /* QRCodeView.swift */ = {isa = PBXFileReference; lastKnownFileType = sourcecode.swift; path = QRCodeView.swift; sourceTree = "<group>"; };
		C77440BC28352F3100EEB6DE /* Launch Screen.storyboard */ = {isa = PBXFileReference; lastKnownFileType = file.storyboard; path = "Launch Screen.storyboard"; sourceTree = "<group>"; };
		C77FF5AB281B020200518079 /* ActivityViewController.swift */ = {isa = PBXFileReference; lastKnownFileType = sourcecode.swift; path = ActivityViewController.swift; sourceTree = "<group>"; };
		C78CC58B28A60D6A00B3B243 /* NetworkService.swift */ = {isa = PBXFileReference; lastKnownFileType = sourcecode.swift; path = NetworkService.swift; sourceTree = "<group>"; };
		C78CC58D28A60D7400B3B243 /* NetworkManager.swift */ = {isa = PBXFileReference; lastKnownFileType = sourcecode.swift; path = NetworkManager.swift; sourceTree = "<group>"; };
		C78CC59028A60D8C00B3B243 /* NetworkError.swift */ = {isa = PBXFileReference; lastKnownFileType = sourcecode.swift; path = NetworkError.swift; sourceTree = "<group>"; };
		C78CC59228A60DA700B3B243 /* HTTPMethod.swift */ = {isa = PBXFileReference; lastKnownFileType = sourcecode.swift; path = HTTPMethod.swift; sourceTree = "<group>"; };
		C78CC5BB28A63EAE00B3B243 /* MemojiCollectorStaticFramework.xcframework */ = {isa = PBXFileReference; lastKnownFileType = wrapper.xcframework; name = MemojiCollectorStaticFramework.xcframework; path = lib/MemojiCollectorStaticFramework.xcframework; sourceTree = "<group>"; };
		C78CC5C528A6415500B3B243 /* PasswordView_.swift */ = {isa = PBXFileReference; fileEncoding = 4; lastKnownFileType = sourcecode.swift; path = PasswordView_.swift; sourceTree = "<group>"; };
		C78CC5C628A6415500B3B243 /* LockView_.swift */ = {isa = PBXFileReference; fileEncoding = 4; lastKnownFileType = sourcecode.swift; path = LockView_.swift; sourceTree = "<group>"; };
		C78CC5C728A6415500B3B243 /* SetPasswordView_.swift */ = {isa = PBXFileReference; fileEncoding = 4; lastKnownFileType = sourcecode.swift; path = SetPasswordView_.swift; sourceTree = "<group>"; };
		C78CC5CB28A6415D00B3B243 /* PasswordViewModel_.swift */ = {isa = PBXFileReference; fileEncoding = 4; lastKnownFileType = sourcecode.swift; path = PasswordViewModel_.swift; sourceTree = "<group>"; };
		C78CC5CD28A6465900B3B243 /* UserDTO.swift */ = {isa = PBXFileReference; lastKnownFileType = sourcecode.swift; path = UserDTO.swift; sourceTree = "<group>"; };
		C78CC5CF28A6465F00B3B243 /* CardDTO.swift */ = {isa = PBXFileReference; lastKnownFileType = sourcecode.swift; path = CardDTO.swift; sourceTree = "<group>"; };
		C78CC5D128A6470900B3B243 /* RequestDTO.swift */ = {isa = PBXFileReference; lastKnownFileType = sourcecode.swift; path = RequestDTO.swift; sourceTree = "<group>"; };
		C78CC5D428A64D7E00B3B243 /* RouteProtocol.swift */ = {isa = PBXFileReference; lastKnownFileType = sourcecode.swift; path = RouteProtocol.swift; sourceTree = "<group>"; };
		C78CC5D628A6B54E00B3B243 /* MemojiCardView.swift */ = {isa = PBXFileReference; lastKnownFileType = sourcecode.swift; path = MemojiCardView.swift; sourceTree = "<group>"; };
		C78CC5D828A6B7D200B3B243 /* MemojiCardViewModel.swift */ = {isa = PBXFileReference; lastKnownFileType = sourcecode.swift; path = MemojiCardViewModel.swift; sourceTree = "<group>"; };
		C78CC5DA28A6BA6A00B3B243 /* StorageManager.swift */ = {isa = PBXFileReference; lastKnownFileType = sourcecode.swift; path = StorageManager.swift; sourceTree = "<group>"; };
		C790A0F728A288800098DBA4 /* CloudKit.framework */ = {isa = PBXFileReference; lastKnownFileType = wrapper.framework; name = CloudKit.framework; path = System/Library/Frameworks/CloudKit.framework; sourceTree = SDKROOT; };
		C79F852E281A1175001D013F /* MemojiCardModel.swift */ = {isa = PBXFileReference; lastKnownFileType = sourcecode.swift; path = MemojiCardModel.swift; sourceTree = "<group>"; };
		C7A3D88F2865AE67000F01C1 /* String+Extension.swift */ = {isa = PBXFileReference; lastKnownFileType = sourcecode.swift; path = "String+Extension.swift"; sourceTree = "<group>"; };
		C7A3D8912865B019000F01C1 /* MemojiCollector.entitlements */ = {isa = PBXFileReference; lastKnownFileType = text.plist.entitlements; path = MemojiCollector.entitlements; sourceTree = "<group>"; };
		C7A3D8962865B47C000F01C1 /* GoogleService-Info.plist */ = {isa = PBXFileReference; fileEncoding = 4; lastKnownFileType = text.plist.xml; path = "GoogleService-Info.plist"; sourceTree = "<group>"; };
		C7A816BE282AB8820075D136 /* SettingView.swift */ = {isa = PBXFileReference; lastKnownFileType = sourcecode.swift; path = SettingView.swift; sourceTree = "<group>"; };
		C7A816C1282AB99A0075D136 /* ChangeNameView.swift */ = {isa = PBXFileReference; lastKnownFileType = sourcecode.swift; path = ChangeNameView.swift; sourceTree = "<group>"; };
		C7A816C3282ABE860075D136 /* ResetView.swift */ = {isa = PBXFileReference; lastKnownFileType = sourcecode.swift; path = ResetView.swift; sourceTree = "<group>"; };
		C7B369F62820347800B05DED /* DeletedCardView.swift */ = {isa = PBXFileReference; lastKnownFileType = sourcecode.swift; path = DeletedCardView.swift; sourceTree = "<group>"; };
		C7B369F8282034BC00B05DED /* EmptyCardView.swift */ = {isa = PBXFileReference; lastKnownFileType = sourcecode.swift; path = EmptyCardView.swift; sourceTree = "<group>"; };
		C7B369FA2820350200B05DED /* MakeCardView.swift */ = {isa = PBXFileReference; lastKnownFileType = sourcecode.swift; path = MakeCardView.swift; sourceTree = "<group>"; };
		C7C5025528594EEC00B9C5BD /* GuideView.swift */ = {isa = PBXFileReference; lastKnownFileType = sourcecode.swift; path = GuideView.swift; sourceTree = "<group>"; };
		C7D0F51D2867039A008F17F5 /* MainViewModel.swift */ = {isa = PBXFileReference; lastKnownFileType = sourcecode.swift; path = MainViewModel.swift; sourceTree = "<group>"; };
		C7D0F52028677822008F17F5 /* MemojiTextView.swift */ = {isa = PBXFileReference; lastKnownFileType = sourcecode.swift; path = MemojiTextView.swift; sourceTree = "<group>"; };
		C7D0F5232867785B008F17F5 /* MemojiTextViewDelegate.swift */ = {isa = PBXFileReference; lastKnownFileType = sourcecode.swift; path = MemojiTextViewDelegate.swift; sourceTree = "<group>"; };
		C7D499B6281E47E700440C07 /* IntroView+Extension.swift */ = {isa = PBXFileReference; lastKnownFileType = sourcecode.swift; path = "IntroView+Extension.swift"; sourceTree = "<group>"; };
		C7D499BA281E48BB00440C07 /* JsonManagerClass.swift */ = {isa = PBXFileReference; lastKnownFileType = sourcecode.swift; path = JsonManagerClass.swift; sourceTree = "<group>"; };
		C7E22248283B9E09002F0E21 /* SettingViewModel.swift */ = {isa = PBXFileReference; lastKnownFileType = sourcecode.swift; path = SettingViewModel.swift; sourceTree = "<group>"; };
		C7E2224A283BAA4C002F0E21 /* UITextView+Extension.swift */ = {isa = PBXFileReference; lastKnownFileType = sourcecode.swift; path = "UITextView+Extension.swift"; sourceTree = "<group>"; };
		C7E2224C283BAA95002F0E21 /* NSTextAttachment+Extension.swift */ = {isa = PBXFileReference; lastKnownFileType = sourcecode.swift; path = "NSTextAttachment+Extension.swift"; sourceTree = "<group>"; };
		C7F0307C281D27B90072CC11 /* AppDelegate.swift */ = {isa = PBXFileReference; lastKnownFileType = sourcecode.swift; path = AppDelegate.swift; sourceTree = "<group>"; };
/* End PBXFileReference section */

/* Begin PBXFrameworksBuildPhase section */
		C70199032818C5C400AAEF0A /* Frameworks */ = {
			isa = PBXFrameworksBuildPhase;
			buildActionMask = 2147483647;
			files = (
				C7A3D88C28659C60000F01C1 /* FirebaseMessaging in Frameworks */,
				C7A3D88E28659C60000F01C1 /* FirebaseStorage in Frameworks */,
				C7A3D8932865B372000F01C1 /* FirebaseStorageCombine-Community in Frameworks */,
				C790A0F828A288800098DBA4 /* CloudKit.framework in Frameworks */,
				C7A3D88A28659C60000F01C1 /* FirebaseAuth in Frameworks */,
				C7A3D8952865B376000F01C1 /* FirebaseStorageSwift-Beta in Frameworks */,
			);
			runOnlyForDeploymentPostprocessing = 0;
		};
/* End PBXFrameworksBuildPhase section */

/* Begin PBXGroup section */
		C70198FD2818C5C400AAEF0A = {
			isa = PBXGroup;
			children = (
				C70199082818C5C400AAEF0A /* MemojiCollector */,
				C70199072818C5C400AAEF0A /* Products */,
				C7A3D88628659C60000F01C1 /* Frameworks */,
			);
			sourceTree = "<group>";
		};
		C70199072818C5C400AAEF0A /* Products */ = {
			isa = PBXGroup;
			children = (
				C70199062818C5C400AAEF0A /* MemojiCollector.app */,
			);
			name = Products;
			sourceTree = "<group>";
		};
		C70199082818C5C400AAEF0A /* MemojiCollector */ = {
			isa = PBXGroup;
			children = (
				C7A3D8912865B019000F01C1 /* MemojiCollector.entitlements */,
				C709F46B2819948A00C3F74C /* Info.plist */,
				C77FF5AA281AFE1200518079 /* App */,
				C78CC5D328A64D7300B3B243 /* Protocol */,
				C7D499B9281E48A000440C07 /* Manager */,
				C7D499B5281E47C300440C07 /* Extension */,
				C7D499B8281E489800440C07 /* Model */,
				C730A54A2822593800526965 /* ViewModel */,
				C730A5522822911200526965 /* View */,
				C7D0F51F28677814008F17F5 /* UIViewRepresentable */,
				C7D0F5222867784D008F17F5 /* Delegate */,
				C701990D2818C5C500AAEF0A /* Assets.xcassets */,
				C7A3D8962865B47C000F01C1 /* GoogleService-Info.plist */,
				C701990F2818C5C500AAEF0A /* Preview Content */,
			);
			path = MemojiCollector;
			sourceTree = "<group>";
		};
		C701990F2818C5C500AAEF0A /* Preview Content */ = {
			isa = PBXGroup;
			children = (
				C70199102818C5C500AAEF0A /* Preview Assets.xcassets */,
			);
			path = "Preview Content";
			sourceTree = "<group>";
		};
		C730A54A2822593800526965 /* ViewModel */ = {
			isa = PBXGroup;
			children = (
				C7D0F51D2867039A008F17F5 /* MainViewModel.swift */,
				C730A5502822622A00526965 /* MemojiCardViewLocalDataModel.swift */,
				C78CC5D828A6B7D200B3B243 /* MemojiCardViewModel.swift */,
				C78CC5CB28A6415D00B3B243 /* PasswordViewModel_.swift */,
				C7CA62582832758300E0514B /* MyMemojiViewModel */,
				C7CA6259283275D000E0514B /* CardDetailViewModel */,
				C7E22245283B9DFA002F0E21 /* SettingViewModel */,
			);
			path = ViewModel;
			sourceTree = "<group>";
		};
		C730A5522822911200526965 /* View */ = {
			isa = PBXGroup;
			children = (
				C77DA2EA28315B2800455C74 /* Main */,
				C77DA2EB28315B3100455C74 /* CardDetail */,
				C7A816C0282AB9830075D136 /* Setting */,
				C77FF5A9281AFDF800518079 /* MyMemoji */,
				C7B369F52820346300B05DED /* CardView */,
			);
			path = View;
			sourceTree = "<group>";
		};
		C77DA2EA28315B2800455C74 /* Main */ = {
			isa = PBXGroup;
			children = (
				C771269828647B5300E5954B /* IntroView.swift */,
				C701990B2818C5C400AAEF0A /* MainView.swift */,
				C74EA4D728214FA1001CDE03 /* GridCardView.swift */,
				C7C5025528594EEC00B9C5BD /* GuideView.swift */,
			);
			path = Main;
			sourceTree = "<group>";
		};
		C77DA2EB28315B3100455C74 /* CardDetail */ = {
			isa = PBXGroup;
			children = (
				C73C456B281924A400E41406 /* MemojiDetailView.swift */,
			);
			path = CardDetail;
			sourceTree = "<group>";
		};
		C77FF5A9281AFDF800518079 /* MyMemoji */ = {
			isa = PBXGroup;
			children = (
				C73C45672819241100E41406 /* MyMemojiView.swift */,
				C73C45692819245D00E41406 /* MakeMemojiCardView.swift */,
				C73C456D28192EA100E41406 /* RegisterUserView.swift */,
				C77FF5AB281B020200518079 /* ActivityViewController.swift */,
				C771269C286530C900E5954B /* QRCodeView.swift */,
			);
			path = MyMemoji;
			sourceTree = "<group>";
		};
		C77FF5AA281AFE1200518079 /* App */ = {
			isa = PBXGroup;
			children = (
				C70199092818C5C400AAEF0A /* MemojiCollectorApp.swift */,
				C77440BC28352F3100EEB6DE /* Launch Screen.storyboard */,
				C7F0307C281D27B90072CC11 /* AppDelegate.swift */,
				C73C456F2819300D00E41406 /* AppStorageKey_.swift */,
			);
			path = App;
			sourceTree = "<group>";
		};
		C78CC58F28A60D7B00B3B243 /* Network */ = {
			isa = PBXGroup;
			children = (
				C78CC58B28A60D6A00B3B243 /* NetworkService.swift */,
				C78CC58D28A60D7400B3B243 /* NetworkManager.swift */,
				C78CC59028A60D8C00B3B243 /* NetworkError.swift */,
				C78CC59228A60DA700B3B243 /* HTTPMethod.swift */,
			);
			path = Network;
			sourceTree = "<group>";
		};
		C78CC5C428A6415500B3B243 /* Password */ = {
			isa = PBXGroup;
			children = (
				C78CC5C528A6415500B3B243 /* PasswordView_.swift */,
				C78CC5C628A6415500B3B243 /* LockView_.swift */,
				C78CC5C728A6415500B3B243 /* SetPasswordView_.swift */,
			);
			path = Password;
			sourceTree = "<group>";
		};
		C78CC5D328A64D7300B3B243 /* Protocol */ = {
			isa = PBXGroup;
			children = (
				C78CC5D428A64D7E00B3B243 /* RouteProtocol.swift */,
			);
			path = Protocol;
			sourceTree = "<group>";
		};
		C7A3D88628659C60000F01C1 /* Frameworks */ = {
			isa = PBXGroup;
			children = (
				C78CC5BB28A63EAE00B3B243 /* MemojiCollectorStaticFramework.xcframework */,
				C790A0F728A288800098DBA4 /* CloudKit.framework */,
			);
			name = Frameworks;
			sourceTree = "<group>";
		};
		C7A816C0282AB9830075D136 /* Setting */ = {
			isa = PBXGroup;
			children = (
				C7A816BE282AB8820075D136 /* SettingView.swift */,
				C78CC5C428A6415500B3B243 /* Password */,
				C7A816C1282AB99A0075D136 /* ChangeNameView.swift */,
				C7A816C3282ABE860075D136 /* ResetView.swift */,
			);
			path = Setting;
			sourceTree = "<group>";
		};
		C7B369F52820346300B05DED /* CardView */ = {
			isa = PBXGroup;
			children = (
				C73C45652819155600E41406 /* MemojiCardViewLocalData.swift */,
				C78CC5D628A6B54E00B3B243 /* MemojiCardView.swift */,
				C715D43E2859890C005A22A9 /* TempMemojiCardView.swift */,
				C7B369F62820347800B05DED /* DeletedCardView.swift */,
				C7B369FA2820350200B05DED /* MakeCardView.swift */,
				C7B369F8282034BC00B05DED /* EmptyCardView.swift */,
			);
			path = CardView;
			sourceTree = "<group>";
		};
		C7CA62582832758300E0514B /* MyMemojiViewModel */ = {
			isa = PBXGroup;
			children = (
				C730A54B2822594A00526965 /* MyMemojiViewModel.swift */,
				C730A54E28225B9E00526965 /* MakeMemojiViewModel.swift */,
			);
			path = MyMemojiViewModel;
			sourceTree = "<group>";
		};
		C7CA6259283275D000E0514B /* CardDetailViewModel */ = {
			isa = PBXGroup;
			children = (
				C730A553282294C000526965 /* MemojiDetaillViewModel.swift */,
			);
			path = CardDetailViewModel;
			sourceTree = "<group>";
		};
		C7D0F51F28677814008F17F5 /* UIViewRepresentable */ = {
			isa = PBXGroup;
			children = (
				C7D0F52028677822008F17F5 /* MemojiTextView.swift */,
			);
			path = UIViewRepresentable;
			sourceTree = "<group>";
		};
		C7D0F5222867784D008F17F5 /* Delegate */ = {
			isa = PBXGroup;
			children = (
				C7D0F5232867785B008F17F5 /* MemojiTextViewDelegate.swift */,
			);
			path = Delegate;
			sourceTree = "<group>";
		};
		C7D499B5281E47C300440C07 /* Extension */ = {
			isa = PBXGroup;
			children = (
				C7D499B6281E47E700440C07 /* IntroView+Extension.swift */,
				C7E2224A283BAA4C002F0E21 /* UITextView+Extension.swift */,
				C7E2224C283BAA95002F0E21 /* NSTextAttachment+Extension.swift */,
				C7A3D88F2865AE67000F01C1 /* String+Extension.swift */,
			);
			path = Extension;
			sourceTree = "<group>";
		};
		C7D499B8281E489800440C07 /* Model */ = {
			isa = PBXGroup;
			children = (
				C79F852E281A1175001D013F /* MemojiCardModel.swift */,
				C78CC5CD28A6465900B3B243 /* UserDTO.swift */,
				C78CC5CF28A6465F00B3B243 /* CardDTO.swift */,
				C78CC5D128A6470900B3B243 /* RequestDTO.swift */,
			);
			path = Model;
			sourceTree = "<group>";
		};
		C7D499B9281E48A000440C07 /* Manager */ = {
			isa = PBXGroup;
			children = (
				C78CC58F28A60D7B00B3B243 /* Network */,
				C7D499BA281E48BB00440C07 /* JsonManagerClass.swift */,
				C78CC5DA28A6BA6A00B3B243 /* StorageManager.swift */,
				C7180A5528BBC27E004ACF0D /* UserDefaultManager.swift */,
			);
			path = Manager;
			sourceTree = "<group>";
		};
		C7E22245283B9DFA002F0E21 /* SettingViewModel */ = {
			isa = PBXGroup;
			children = (
				C7E22248283B9E09002F0E21 /* SettingViewModel.swift */,
			);
			path = SettingViewModel;
			sourceTree = "<group>";
		};
/* End PBXGroup section */

/* Begin PBXNativeTarget section */
		C70199052818C5C400AAEF0A /* MemojiCollector */ = {
			isa = PBXNativeTarget;
			buildConfigurationList = C70199142818C5C500AAEF0A /* Build configuration list for PBXNativeTarget "MemojiCollector" */;
			buildPhases = (
				C70199022818C5C400AAEF0A /* Sources */,
				C70199032818C5C400AAEF0A /* Frameworks */,
				C70199042818C5C400AAEF0A /* Resources */,
			);
			buildRules = (
			);
			dependencies = (
			);
			name = MemojiCollector;
			packageProductDependencies = (
				C7A3D88928659C60000F01C1 /* FirebaseAuth */,
				C7A3D88B28659C60000F01C1 /* FirebaseMessaging */,
				C7A3D88D28659C60000F01C1 /* FirebaseStorage */,
				C7A3D8922865B372000F01C1 /* FirebaseStorageCombine-Community */,
				C7A3D8942865B376000F01C1 /* FirebaseStorageSwift-Beta */,
			);
			productName = MemojiCollector;
			productReference = C70199062818C5C400AAEF0A /* MemojiCollector.app */;
			productType = "com.apple.product-type.application";
		};
/* End PBXNativeTarget section */

/* Begin PBXProject section */
		C70198FE2818C5C400AAEF0A /* Project object */ = {
			isa = PBXProject;
			attributes = {
				BuildIndependentTargetsInParallel = 1;
				LastSwiftUpdateCheck = 1330;
				LastUpgradeCheck = 1330;
				TargetAttributes = {
					C70199052818C5C400AAEF0A = {
						CreatedOnToolsVersion = 13.3;
					};
				};
			};
			buildConfigurationList = C70199012818C5C400AAEF0A /* Build configuration list for PBXProject "MemojiCollector" */;
			compatibilityVersion = "Xcode 13.0";
			developmentRegion = en;
			hasScannedForEncodings = 0;
			knownRegions = (
				en,
				Base,
			);
			mainGroup = C70198FD2818C5C400AAEF0A;
			packageReferences = (
				C771269F28659A4F00E5954B /* XCRemoteSwiftPackageReference "firebase-ios-sdk" */,
			);
			productRefGroup = C70199072818C5C400AAEF0A /* Products */;
			projectDirPath = "";
			projectRoot = "";
			targets = (
				C70199052818C5C400AAEF0A /* MemojiCollector */,
			);
		};
/* End PBXProject section */

/* Begin PBXResourcesBuildPhase section */
		C70199042818C5C400AAEF0A /* Resources */ = {
			isa = PBXResourcesBuildPhase;
			buildActionMask = 2147483647;
			files = (
				C70199112818C5C500AAEF0A /* Preview Assets.xcassets in Resources */,
				C7A3D8972865B47C000F01C1 /* GoogleService-Info.plist in Resources */,
				C701990E2818C5C500AAEF0A /* Assets.xcassets in Resources */,
				C77440BD28352F3100EEB6DE /* Launch Screen.storyboard in Resources */,
			);
			runOnlyForDeploymentPostprocessing = 0;
		};
/* End PBXResourcesBuildPhase section */

/* Begin PBXSourcesBuildPhase section */
		C70199022818C5C400AAEF0A /* Sources */ = {
			isa = PBXSourcesBuildPhase;
			buildActionMask = 2147483647;
			files = (
				C7A816C4282ABE860075D136 /* ResetView.swift in Sources */,
				C7F0307D281D27B90072CC11 /* AppDelegate.swift in Sources */,
				C73C456C281924A400E41406 /* MemojiDetailView.swift in Sources */,
				C7B369F9282034BC00B05DED /* EmptyCardView.swift in Sources */,
				C730A554282294C000526965 /* MemojiDetaillViewModel.swift in Sources */,
				C78CC5D728A6B54E00B3B243 /* MemojiCardView.swift in Sources */,
				C78CC5CC28A6415D00B3B243 /* PasswordViewModel_.swift in Sources */,
				C73C456E28192EA100E41406 /* RegisterUserView.swift in Sources */,
				C78CC5D928A6B7D200B3B243 /* MemojiCardViewModel.swift in Sources */,
				C78CC5D028A6465F00B3B243 /* CardDTO.swift in Sources */,
				C701990C2818C5C400AAEF0A /* MainView.swift in Sources */,
				C78CC58C28A60D6A00B3B243 /* NetworkService.swift in Sources */,
				C7B369F72820347800B05DED /* DeletedCardView.swift in Sources */,
				C79F852F281A1175001D013F /* MemojiCardModel.swift in Sources */,
				C730A5512822622A00526965 /* MemojiCardViewLocalDataModel.swift in Sources */,
				C7180A5628BBC27E004ACF0D /* UserDefaultManager.swift in Sources */,
				C78CC5C928A6415500B3B243 /* LockView_.swift in Sources */,
				C7E2224D283BAA95002F0E21 /* NSTextAttachment+Extension.swift in Sources */,
				C78CC5CE28A6465900B3B243 /* UserDTO.swift in Sources */,
				C78CC59128A60D8C00B3B243 /* NetworkError.swift in Sources */,
				C7D969BD28683F65000AB5E5 /* AppStorageKey_.swift in Sources */,
				C7E22249283B9E09002F0E21 /* SettingViewModel.swift in Sources */,
				C78CC59328A60DA700B3B243 /* HTTPMethod.swift in Sources */,
				C715D43F2859890C005A22A9 /* TempMemojiCardView.swift in Sources */,
				C78CC58E28A60D7400B3B243 /* NetworkManager.swift in Sources */,
				C701990A2818C5C400AAEF0A /* MemojiCollectorApp.swift in Sources */,
				C7D0F52128677822008F17F5 /* MemojiTextView.swift in Sources */,
				C771269D286530C900E5954B /* QRCodeView.swift in Sources */,
				C78CC5DB28A6BA6A00B3B243 /* StorageManager.swift in Sources */,
				C78CC5D228A6470900B3B243 /* RequestDTO.swift in Sources */,
				C73C45662819155600E41406 /* MemojiCardViewLocalData.swift in Sources */,
				C7D0F51E2867039A008F17F5 /* MainViewModel.swift in Sources */,
				C730A54F28225B9E00526965 /* MakeMemojiViewModel.swift in Sources */,
				C7C5025628594EEC00B9C5BD /* GuideView.swift in Sources */,
				C771269928647B5300E5954B /* IntroView.swift in Sources */,
				C7B369FB2820350200B05DED /* MakeCardView.swift in Sources */,
				C7D499BB281E48BB00440C07 /* JsonManagerClass.swift in Sources */,
				C730A54C2822594A00526965 /* MyMemojiViewModel.swift in Sources */,
				C73C45682819241100E41406 /* MyMemojiView.swift in Sources */,
				C7A816C2282AB99A0075D136 /* ChangeNameView.swift in Sources */,
				C78CC5CA28A6415500B3B243 /* SetPasswordView_.swift in Sources */,
				C7D0F5242867785B008F17F5 /* MemojiTextViewDelegate.swift in Sources */,
				C7A3D8902865AE67000F01C1 /* String+Extension.swift in Sources */,
				C7E2224B283BAA4C002F0E21 /* UITextView+Extension.swift in Sources */,
				C74EA4D828214FA1001CDE03 /* GridCardView.swift in Sources */,
				C78CC5C828A6415500B3B243 /* PasswordView_.swift in Sources */,
				C73C456A2819245D00E41406 /* MakeMemojiCardView.swift in Sources */,
				C7D499B7281E47E700440C07 /* IntroView+Extension.swift in Sources */,
				C77FF5AC281B020200518079 /* ActivityViewController.swift in Sources */,
				C7A816BF282AB8820075D136 /* SettingView.swift in Sources */,
				C78CC5D528A64D7E00B3B243 /* RouteProtocol.swift in Sources */,
			);
			runOnlyForDeploymentPostprocessing = 0;
		};
/* End PBXSourcesBuildPhase section */

/* Begin XCBuildConfiguration section */
		C70199122818C5C500AAEF0A /* Debug */ = {
			isa = XCBuildConfiguration;
			buildSettings = {
				ALWAYS_SEARCH_USER_PATHS = NO;
				CLANG_ANALYZER_NONNULL = YES;
				CLANG_ANALYZER_NUMBER_OBJECT_CONVERSION = YES_AGGRESSIVE;
				CLANG_CXX_LANGUAGE_STANDARD = "gnu++17";
				CLANG_ENABLE_MODULES = YES;
				CLANG_ENABLE_OBJC_ARC = YES;
				CLANG_ENABLE_OBJC_WEAK = YES;
				CLANG_WARN_BLOCK_CAPTURE_AUTORELEASING = YES;
				CLANG_WARN_BOOL_CONVERSION = YES;
				CLANG_WARN_COMMA = YES;
				CLANG_WARN_CONSTANT_CONVERSION = YES;
				CLANG_WARN_DEPRECATED_OBJC_IMPLEMENTATIONS = YES;
				CLANG_WARN_DIRECT_OBJC_ISA_USAGE = YES_ERROR;
				CLANG_WARN_DOCUMENTATION_COMMENTS = YES;
				CLANG_WARN_EMPTY_BODY = YES;
				CLANG_WARN_ENUM_CONVERSION = YES;
				CLANG_WARN_INFINITE_RECURSION = YES;
				CLANG_WARN_INT_CONVERSION = YES;
				CLANG_WARN_NON_LITERAL_NULL_CONVERSION = YES;
				CLANG_WARN_OBJC_IMPLICIT_RETAIN_SELF = YES;
				CLANG_WARN_OBJC_LITERAL_CONVERSION = YES;
				CLANG_WARN_OBJC_ROOT_CLASS = YES_ERROR;
				CLANG_WARN_QUOTED_INCLUDE_IN_FRAMEWORK_HEADER = YES;
				CLANG_WARN_RANGE_LOOP_ANALYSIS = YES;
				CLANG_WARN_STRICT_PROTOTYPES = YES;
				CLANG_WARN_SUSPICIOUS_MOVE = YES;
				CLANG_WARN_UNGUARDED_AVAILABILITY = YES_AGGRESSIVE;
				CLANG_WARN_UNREACHABLE_CODE = YES;
				CLANG_WARN__DUPLICATE_METHOD_MATCH = YES;
				COPY_PHASE_STRIP = NO;
				DEBUG_INFORMATION_FORMAT = dwarf;
				ENABLE_STRICT_OBJC_MSGSEND = YES;
				ENABLE_TESTABILITY = YES;
				GCC_C_LANGUAGE_STANDARD = gnu11;
				GCC_DYNAMIC_NO_PIC = NO;
				GCC_NO_COMMON_BLOCKS = YES;
				GCC_OPTIMIZATION_LEVEL = 0;
				GCC_PREPROCESSOR_DEFINITIONS = (
					"DEBUG=1",
					"$(inherited)",
				);
				GCC_WARN_64_TO_32_BIT_CONVERSION = YES;
				GCC_WARN_ABOUT_RETURN_TYPE = YES_ERROR;
				GCC_WARN_UNDECLARED_SELECTOR = YES;
				GCC_WARN_UNINITIALIZED_AUTOS = YES_AGGRESSIVE;
				GCC_WARN_UNUSED_FUNCTION = YES;
				GCC_WARN_UNUSED_VARIABLE = YES;
				IPHONEOS_DEPLOYMENT_TARGET = 15.0;
				MTL_ENABLE_DEBUG_INFO = INCLUDE_SOURCE;
				MTL_FAST_MATH = YES;
				ONLY_ACTIVE_ARCH = YES;
				SDKROOT = iphoneos;
				SWIFT_ACTIVE_COMPILATION_CONDITIONS = DEBUG;
				SWIFT_OPTIMIZATION_LEVEL = "-Onone";
			};
			name = Debug;
		};
		C70199132818C5C500AAEF0A /* Release */ = {
			isa = XCBuildConfiguration;
			buildSettings = {
				ALWAYS_SEARCH_USER_PATHS = NO;
				CLANG_ANALYZER_NONNULL = YES;
				CLANG_ANALYZER_NUMBER_OBJECT_CONVERSION = YES_AGGRESSIVE;
				CLANG_CXX_LANGUAGE_STANDARD = "gnu++17";
				CLANG_ENABLE_MODULES = YES;
				CLANG_ENABLE_OBJC_ARC = YES;
				CLANG_ENABLE_OBJC_WEAK = YES;
				CLANG_WARN_BLOCK_CAPTURE_AUTORELEASING = YES;
				CLANG_WARN_BOOL_CONVERSION = YES;
				CLANG_WARN_COMMA = YES;
				CLANG_WARN_CONSTANT_CONVERSION = YES;
				CLANG_WARN_DEPRECATED_OBJC_IMPLEMENTATIONS = YES;
				CLANG_WARN_DIRECT_OBJC_ISA_USAGE = YES_ERROR;
				CLANG_WARN_DOCUMENTATION_COMMENTS = YES;
				CLANG_WARN_EMPTY_BODY = YES;
				CLANG_WARN_ENUM_CONVERSION = YES;
				CLANG_WARN_INFINITE_RECURSION = YES;
				CLANG_WARN_INT_CONVERSION = YES;
				CLANG_WARN_NON_LITERAL_NULL_CONVERSION = YES;
				CLANG_WARN_OBJC_IMPLICIT_RETAIN_SELF = YES;
				CLANG_WARN_OBJC_LITERAL_CONVERSION = YES;
				CLANG_WARN_OBJC_ROOT_CLASS = YES_ERROR;
				CLANG_WARN_QUOTED_INCLUDE_IN_FRAMEWORK_HEADER = YES;
				CLANG_WARN_RANGE_LOOP_ANALYSIS = YES;
				CLANG_WARN_STRICT_PROTOTYPES = YES;
				CLANG_WARN_SUSPICIOUS_MOVE = YES;
				CLANG_WARN_UNGUARDED_AVAILABILITY = YES_AGGRESSIVE;
				CLANG_WARN_UNREACHABLE_CODE = YES;
				CLANG_WARN__DUPLICATE_METHOD_MATCH = YES;
				COPY_PHASE_STRIP = NO;
				DEBUG_INFORMATION_FORMAT = "dwarf-with-dsym";
				ENABLE_NS_ASSERTIONS = NO;
				ENABLE_STRICT_OBJC_MSGSEND = YES;
				GCC_C_LANGUAGE_STANDARD = gnu11;
				GCC_NO_COMMON_BLOCKS = YES;
				GCC_WARN_64_TO_32_BIT_CONVERSION = YES;
				GCC_WARN_ABOUT_RETURN_TYPE = YES_ERROR;
				GCC_WARN_UNDECLARED_SELECTOR = YES;
				GCC_WARN_UNINITIALIZED_AUTOS = YES_AGGRESSIVE;
				GCC_WARN_UNUSED_FUNCTION = YES;
				GCC_WARN_UNUSED_VARIABLE = YES;
				IPHONEOS_DEPLOYMENT_TARGET = 15.0;
				MTL_ENABLE_DEBUG_INFO = NO;
				MTL_FAST_MATH = YES;
				SDKROOT = iphoneos;
				SWIFT_COMPILATION_MODE = wholemodule;
				SWIFT_OPTIMIZATION_LEVEL = "-O";
				VALIDATE_PRODUCT = YES;
			};
			name = Release;
		};
		C70199152818C5C500AAEF0A /* Debug */ = {
			isa = XCBuildConfiguration;
			buildSettings = {
				ASSETCATALOG_COMPILER_APPICON_NAME = AppIcon;
				ASSETCATALOG_COMPILER_GLOBAL_ACCENT_COLOR_NAME = AccentColor;
				CODE_SIGN_ENTITLEMENTS = MemojiCollector/MemojiCollector.entitlements;
				CODE_SIGN_STYLE = Automatic;
				CURRENT_PROJECT_VERSION = 4;
				DEVELOPMENT_ASSET_PATHS = "\"MemojiCollector/Preview Content\"";
				DEVELOPMENT_TEAM = Z629PZ4XVL;
				ENABLE_PREVIEWS = YES;
				FRAMEWORK_SEARCH_PATHS = "$(PROJECT_DIR)/lib";
				GENERATE_INFOPLIST_FILE = YES;
				INFOPLIST_FILE = MemojiCollector/Info.plist;
				INFOPLIST_KEY_CFBundleDisplayName = MemojiCollector;
				INFOPLIST_KEY_NSPhotoLibraryAddUsageDescription = "미모지를 사진을 등록하기 위해 사진첩 권한이 필요합니다.";
				INFOPLIST_KEY_UIApplicationSupportsIndirectInputEvents = YES;
				INFOPLIST_KEY_UILaunchScreen_Generation = YES;
				INFOPLIST_KEY_UILaunchStoryboardName = "Launch Screen";
				INFOPLIST_KEY_UISupportedInterfaceOrientations = UIInterfaceOrientationPortrait;
				INFOPLIST_KEY_UISupportedInterfaceOrientations_iPad = "UIInterfaceOrientationPortrait UIInterfaceOrientationPortraitUpsideDown UIInterfaceOrientationLandscapeLeft UIInterfaceOrientationLandscapeRight";
				INFOPLIST_KEY_UISupportedInterfaceOrientations_iPhone = "UIInterfaceOrientationPortrait UIInterfaceOrientationLandscapeLeft UIInterfaceOrientationLandscapeRight";
				INFOPLIST_KEY_UIUserInterfaceStyle = Light;
				IPHONEOS_DEPLOYMENT_TARGET = 15.0;
				LD_RUNPATH_SEARCH_PATHS = (
					"$(inherited)",
					"@executable_path/Frameworks",
				);
				LIBRARY_SEARCH_PATHS = (
					"$(inherited)",
					"$(PROJECT_DIR)",
				);
				MARKETING_VERSION = 2.1;
				PRODUCT_BUNDLE_IDENTIFIER = com.moonjs.MemojiCollector;
				PRODUCT_NAME = "$(TARGET_NAME)";
				SWIFT_EMIT_LOC_STRINGS = YES;
				SWIFT_VERSION = 5.0;
				TARGETED_DEVICE_FAMILY = 1;
			};
			name = Debug;
		};
		C70199162818C5C500AAEF0A /* Release */ = {
			isa = XCBuildConfiguration;
			buildSettings = {
				ASSETCATALOG_COMPILER_APPICON_NAME = AppIcon;
				ASSETCATALOG_COMPILER_GLOBAL_ACCENT_COLOR_NAME = AccentColor;
				CODE_SIGN_ENTITLEMENTS = MemojiCollector/MemojiCollector.entitlements;
				CODE_SIGN_STYLE = Automatic;
				CURRENT_PROJECT_VERSION = 4;
				DEVELOPMENT_ASSET_PATHS = "\"MemojiCollector/Preview Content\"";
				DEVELOPMENT_TEAM = Z629PZ4XVL;
				ENABLE_PREVIEWS = YES;
				FRAMEWORK_SEARCH_PATHS = "$(PROJECT_DIR)/lib";
				GENERATE_INFOPLIST_FILE = YES;
				INFOPLIST_FILE = MemojiCollector/Info.plist;
				INFOPLIST_KEY_CFBundleDisplayName = MemojiCollector;
				INFOPLIST_KEY_NSPhotoLibraryAddUsageDescription = "미모지를 사진을 등록하기 위해 사진첩 권한이 필요합니다.";
				INFOPLIST_KEY_UIApplicationSupportsIndirectInputEvents = YES;
				INFOPLIST_KEY_UILaunchScreen_Generation = YES;
				INFOPLIST_KEY_UILaunchStoryboardName = "Launch Screen";
				INFOPLIST_KEY_UISupportedInterfaceOrientations = UIInterfaceOrientationPortrait;
				INFOPLIST_KEY_UISupportedInterfaceOrientations_iPad = "UIInterfaceOrientationPortrait UIInterfaceOrientationPortraitUpsideDown UIInterfaceOrientationLandscapeLeft UIInterfaceOrientationLandscapeRight";
				INFOPLIST_KEY_UISupportedInterfaceOrientations_iPhone = "UIInterfaceOrientationPortrait UIInterfaceOrientationLandscapeLeft UIInterfaceOrientationLandscapeRight";
				INFOPLIST_KEY_UIUserInterfaceStyle = Light;
				IPHONEOS_DEPLOYMENT_TARGET = 15.0;
				LD_RUNPATH_SEARCH_PATHS = (
					"$(inherited)",
					"@executable_path/Frameworks",
				);
				LIBRARY_SEARCH_PATHS = (
					"$(inherited)",
					"$(PROJECT_DIR)",
				);
				MARKETING_VERSION = 2.1;
				PRODUCT_BUNDLE_IDENTIFIER = com.moonjs.MemojiCollector;
				PRODUCT_NAME = "$(TARGET_NAME)";
				SWIFT_EMIT_LOC_STRINGS = YES;
				SWIFT_VERSION = 5.0;
				TARGETED_DEVICE_FAMILY = 1;
			};
			name = Release;
		};
/* End XCBuildConfiguration section */

/* Begin XCConfigurationList section */
		C70199012818C5C400AAEF0A /* Build configuration list for PBXProject "MemojiCollector" */ = {
			isa = XCConfigurationList;
			buildConfigurations = (
				C70199122818C5C500AAEF0A /* Debug */,
				C70199132818C5C500AAEF0A /* Release */,
			);
			defaultConfigurationIsVisible = 0;
			defaultConfigurationName = Release;
		};
		C70199142818C5C500AAEF0A /* Build configuration list for PBXNativeTarget "MemojiCollector" */ = {
			isa = XCConfigurationList;
			buildConfigurations = (
				C70199152818C5C500AAEF0A /* Debug */,
				C70199162818C5C500AAEF0A /* Release */,
			);
			defaultConfigurationIsVisible = 0;
			defaultConfigurationName = Release;
		};
/* End XCConfigurationList section */

/* Begin XCRemoteSwiftPackageReference section */
		C771269F28659A4F00E5954B /* XCRemoteSwiftPackageReference "firebase-ios-sdk" */ = {
			isa = XCRemoteSwiftPackageReference;
			repositoryURL = "https://github.com/firebase/firebase-ios-sdk";
			requirement = {
				kind = exactVersion;
				version = 8.9.1;
			};
		};
/* End XCRemoteSwiftPackageReference section */

/* Begin XCSwiftPackageProductDependency section */
		C7A3D88928659C60000F01C1 /* FirebaseAuth */ = {
			isa = XCSwiftPackageProductDependency;
			package = C771269F28659A4F00E5954B /* XCRemoteSwiftPackageReference "firebase-ios-sdk" */;
			productName = FirebaseAuth;
		};
		C7A3D88B28659C60000F01C1 /* FirebaseMessaging */ = {
			isa = XCSwiftPackageProductDependency;
			package = C771269F28659A4F00E5954B /* XCRemoteSwiftPackageReference "firebase-ios-sdk" */;
			productName = FirebaseMessaging;
		};
		C7A3D88D28659C60000F01C1 /* FirebaseStorage */ = {
			isa = XCSwiftPackageProductDependency;
			package = C771269F28659A4F00E5954B /* XCRemoteSwiftPackageReference "firebase-ios-sdk" */;
			productName = FirebaseStorage;
		};
		C7A3D8922865B372000F01C1 /* FirebaseStorageCombine-Community */ = {
			isa = XCSwiftPackageProductDependency;
			package = C771269F28659A4F00E5954B /* XCRemoteSwiftPackageReference "firebase-ios-sdk" */;
			productName = "FirebaseStorageCombine-Community";
		};
		C7A3D8942865B376000F01C1 /* FirebaseStorageSwift-Beta */ = {
			isa = XCSwiftPackageProductDependency;
			package = C771269F28659A4F00E5954B /* XCRemoteSwiftPackageReference "firebase-ios-sdk" */;
			productName = "FirebaseStorageSwift-Beta";
		};
/* End XCSwiftPackageProductDependency section */
	};
	rootObject = C70198FE2818C5C400AAEF0A /* Project object */;
}
