// !$*UTF8*$!
{
	archiveVersion = 1;
	classes = {
	};
	objectVersion = 55;
	objects = {

/* Begin PBXBuildFile section */
		C701990A2818C5C400AAEF0A /* MemojiCollectorApp.swift in Sources */ = {isa = PBXBuildFile; fileRef = C70199092818C5C400AAEF0A /* MemojiCollectorApp.swift */; };
		C701990C2818C5C400AAEF0A /* ContentView.swift in Sources */ = {isa = PBXBuildFile; fileRef = C701990B2818C5C400AAEF0A /* ContentView.swift */; };
		C701990E2818C5C500AAEF0A /* Assets.xcassets in Resources */ = {isa = PBXBuildFile; fileRef = C701990D2818C5C500AAEF0A /* Assets.xcassets */; };
		C70199112818C5C500AAEF0A /* Preview Assets.xcassets in Resources */ = {isa = PBXBuildFile; fileRef = C70199102818C5C500AAEF0A /* Preview Assets.xcassets */; };
		C73C455B2819129C00E41406 /* GoogleService-Info.plist in Resources */ = {isa = PBXBuildFile; fileRef = C73C455A2819129C00E41406 /* GoogleService-Info.plist */; };
		C73C455E2819131F00E41406 /* FirebaseAnalytics in Frameworks */ = {isa = PBXBuildFile; productRef = C73C455D2819131F00E41406 /* FirebaseAnalytics */; };
		C73C45602819131F00E41406 /* FirebaseStorage in Frameworks */ = {isa = PBXBuildFile; productRef = C73C455F2819131F00E41406 /* FirebaseStorage */; };
		C73C45622819131F00E41406 /* FirebaseStorageCombine-Community in Frameworks */ = {isa = PBXBuildFile; productRef = C73C45612819131F00E41406 /* FirebaseStorageCombine-Community */; };
		C73C45642819131F00E41406 /* FirebaseStorageSwift-Beta in Frameworks */ = {isa = PBXBuildFile; productRef = C73C45632819131F00E41406 /* FirebaseStorageSwift-Beta */; };
		C73C45662819155600E41406 /* MemojiCardView.swift in Sources */ = {isa = PBXBuildFile; fileRef = C73C45652819155600E41406 /* MemojiCardView.swift */; };
/* End PBXBuildFile section */

/* Begin PBXFileReference section */
		C70199062818C5C400AAEF0A /* MemojiCollector.app */ = {isa = PBXFileReference; explicitFileType = wrapper.application; includeInIndex = 0; path = MemojiCollector.app; sourceTree = BUILT_PRODUCTS_DIR; };
		C70199092818C5C400AAEF0A /* MemojiCollectorApp.swift */ = {isa = PBXFileReference; lastKnownFileType = sourcecode.swift; path = MemojiCollectorApp.swift; sourceTree = "<group>"; };
		C701990B2818C5C400AAEF0A /* ContentView.swift */ = {isa = PBXFileReference; lastKnownFileType = sourcecode.swift; path = ContentView.swift; sourceTree = "<group>"; };
		C701990D2818C5C500AAEF0A /* Assets.xcassets */ = {isa = PBXFileReference; lastKnownFileType = folder.assetcatalog; path = Assets.xcassets; sourceTree = "<group>"; };
		C70199102818C5C500AAEF0A /* Preview Assets.xcassets */ = {isa = PBXFileReference; lastKnownFileType = folder.assetcatalog; path = "Preview Assets.xcassets"; sourceTree = "<group>"; };
		C73C455A2819129C00E41406 /* GoogleService-Info.plist */ = {isa = PBXFileReference; fileEncoding = 4; lastKnownFileType = text.plist.xml; path = "GoogleService-Info.plist"; sourceTree = "<group>"; };
		C73C45652819155600E41406 /* MemojiCardView.swift */ = {isa = PBXFileReference; lastKnownFileType = sourcecode.swift; path = MemojiCardView.swift; sourceTree = "<group>"; };
/* End PBXFileReference section */

/* Begin PBXFrameworksBuildPhase section */
		C70199032818C5C400AAEF0A /* Frameworks */ = {
			isa = PBXFrameworksBuildPhase;
			buildActionMask = 2147483647;
			files = (
				C73C455E2819131F00E41406 /* FirebaseAnalytics in Frameworks */,
				C73C45642819131F00E41406 /* FirebaseStorageSwift-Beta in Frameworks */,
				C73C45622819131F00E41406 /* FirebaseStorageCombine-Community in Frameworks */,
				C73C45602819131F00E41406 /* FirebaseStorage in Frameworks */,
			);
			runOnlyForDeploymentPostprocessing = 0;
		};
/* End PBXFrameworksBuildPhase section */

/* Begin PBXGroup section */
		C70198FD2818C5C400AAEF0A = {
			isa = PBXGroup;
			children = (
				C70199082818C5C400AAEF0A /* MemojiCollector */,
				C70199072818C5C400AAEF0A /* Products */,
			);
			sourceTree = "<group>";
		};
		C70199072818C5C400AAEF0A /* Products */ = {
			isa = PBXGroup;
			children = (
				C70199062818C5C400AAEF0A /* MemojiCollector.app */,
			);
			name = Products;
			sourceTree = "<group>";
		};
		C70199082818C5C400AAEF0A /* MemojiCollector */ = {
			isa = PBXGroup;
			children = (
				C70199092818C5C400AAEF0A /* MemojiCollectorApp.swift */,
				C701990B2818C5C400AAEF0A /* ContentView.swift */,
				C73C45652819155600E41406 /* MemojiCardView.swift */,
				C701990D2818C5C500AAEF0A /* Assets.xcassets */,
				C73C455A2819129C00E41406 /* GoogleService-Info.plist */,
				C701990F2818C5C500AAEF0A /* Preview Content */,
			);
			path = MemojiCollector;
			sourceTree = "<group>";
		};
		C701990F2818C5C500AAEF0A /* Preview Content */ = {
			isa = PBXGroup;
			children = (
				C70199102818C5C500AAEF0A /* Preview Assets.xcassets */,
			);
			path = "Preview Content";
			sourceTree = "<group>";
		};
/* End PBXGroup section */

/* Begin PBXNativeTarget section */
		C70199052818C5C400AAEF0A /* MemojiCollector */ = {
			isa = PBXNativeTarget;
			buildConfigurationList = C70199142818C5C500AAEF0A /* Build configuration list for PBXNativeTarget "MemojiCollector" */;
			buildPhases = (
				C70199022818C5C400AAEF0A /* Sources */,
				C70199032818C5C400AAEF0A /* Frameworks */,
				C70199042818C5C400AAEF0A /* Resources */,
			);
			buildRules = (
			);
			dependencies = (
			);
			name = MemojiCollector;
			packageProductDependencies = (
				C73C455D2819131F00E41406 /* FirebaseAnalytics */,
				C73C455F2819131F00E41406 /* FirebaseStorage */,
				C73C45612819131F00E41406 /* FirebaseStorageCombine-Community */,
				C73C45632819131F00E41406 /* FirebaseStorageSwift-Beta */,
			);
			productName = MemojiCollector;
			productReference = C70199062818C5C400AAEF0A /* MemojiCollector.app */;
			productType = "com.apple.product-type.application";
		};
/* End PBXNativeTarget section */

/* Begin PBXProject section */
		C70198FE2818C5C400AAEF0A /* Project object */ = {
			isa = PBXProject;
			attributes = {
				BuildIndependentTargetsInParallel = 1;
				LastSwiftUpdateCheck = 1330;
				LastUpgradeCheck = 1330;
				TargetAttributes = {
					C70199052818C5C400AAEF0A = {
						CreatedOnToolsVersion = 13.3;
					};
				};
			};
			buildConfigurationList = C70199012818C5C400AAEF0A /* Build configuration list for PBXProject "MemojiCollector" */;
			compatibilityVersion = "Xcode 13.0";
			developmentRegion = en;
			hasScannedForEncodings = 0;
			knownRegions = (
				en,
				Base,
			);
			mainGroup = C70198FD2818C5C400AAEF0A;
			packageReferences = (
				C73C455C2819131F00E41406 /* XCRemoteSwiftPackageReference "firebase-ios-sdk" */,
			);
			productRefGroup = C70199072818C5C400AAEF0A /* Products */;
			projectDirPath = "";
			projectRoot = "";
			targets = (
				C70199052818C5C400AAEF0A /* MemojiCollector */,
			);
		};
/* End PBXProject section */

/* Begin PBXResourcesBuildPhase section */
		C70199042818C5C400AAEF0A /* Resources */ = {
			isa = PBXResourcesBuildPhase;
			buildActionMask = 2147483647;
			files = (
				C70199112818C5C500AAEF0A /* Preview Assets.xcassets in Resources */,
				C701990E2818C5C500AAEF0A /* Assets.xcassets in Resources */,
				C73C455B2819129C00E41406 /* GoogleService-Info.plist in Resources */,
			);
			runOnlyForDeploymentPostprocessing = 0;
		};
/* End PBXResourcesBuildPhase section */

/* Begin PBXSourcesBuildPhase section */
		C70199022818C5C400AAEF0A /* Sources */ = {
			isa = PBXSourcesBuildPhase;
			buildActionMask = 2147483647;
			files = (
				C701990C2818C5C400AAEF0A /* ContentView.swift in Sources */,
				C701990A2818C5C400AAEF0A /* MemojiCollectorApp.swift in Sources */,
				C73C45662819155600E41406 /* MemojiCardView.swift in Sources */,
			);
			runOnlyForDeploymentPostprocessing = 0;
		};
/* End PBXSourcesBuildPhase section */

/* Begin XCBuildConfiguration section */
		C70199122818C5C500AAEF0A /* Debug */ = {
			isa = XCBuildConfiguration;
			buildSettings = {
				ALWAYS_SEARCH_USER_PATHS = NO;
				CLANG_ANALYZER_NONNULL = YES;
				CLANG_ANALYZER_NUMBER_OBJECT_CONVERSION = YES_AGGRESSIVE;
				CLANG_CXX_LANGUAGE_STANDARD = "gnu++17";
				CLANG_ENABLE_MODULES = YES;
				CLANG_ENABLE_OBJC_ARC = YES;
				CLANG_ENABLE_OBJC_WEAK = YES;
				CLANG_WARN_BLOCK_CAPTURE_AUTORELEASING = YES;
				CLANG_WARN_BOOL_CONVERSION = YES;
				CLANG_WARN_COMMA = YES;
				CLANG_WARN_CONSTANT_CONVERSION = YES;
				CLANG_WARN_DEPRECATED_OBJC_IMPLEMENTATIONS = YES;
				CLANG_WARN_DIRECT_OBJC_ISA_USAGE = YES_ERROR;
				CLANG_WARN_DOCUMENTATION_COMMENTS = YES;
				CLANG_WARN_EMPTY_BODY = YES;
				CLANG_WARN_ENUM_CONVERSION = YES;
				CLANG_WARN_INFINITE_RECURSION = YES;
				CLANG_WARN_INT_CONVERSION = YES;
				CLANG_WARN_NON_LITERAL_NULL_CONVERSION = YES;
				CLANG_WARN_OBJC_IMPLICIT_RETAIN_SELF = YES;
				CLANG_WARN_OBJC_LITERAL_CONVERSION = YES;
				CLANG_WARN_OBJC_ROOT_CLASS = YES_ERROR;
				CLANG_WARN_QUOTED_INCLUDE_IN_FRAMEWORK_HEADER = YES;
				CLANG_WARN_RANGE_LOOP_ANALYSIS = YES;
				CLANG_WARN_STRICT_PROTOTYPES = YES;
				CLANG_WARN_SUSPICIOUS_MOVE = YES;
				CLANG_WARN_UNGUARDED_AVAILABILITY = YES_AGGRESSIVE;
				CLANG_WARN_UNREACHABLE_CODE = YES;
				CLANG_WARN__DUPLICATE_METHOD_MATCH = YES;
				COPY_PHASE_STRIP = NO;
				DEBUG_INFORMATION_FORMAT = dwarf;
				ENABLE_STRICT_OBJC_MSGSEND = YES;
				ENABLE_TESTABILITY = YES;
				GCC_C_LANGUAGE_STANDARD = gnu11;
				GCC_DYNAMIC_NO_PIC = NO;
				GCC_NO_COMMON_BLOCKS = YES;
				GCC_OPTIMIZATION_LEVEL = 0;
				GCC_PREPROCESSOR_DEFINITIONS = (
					"DEBUG=1",
					"$(inherited)",
				);
				GCC_WARN_64_TO_32_BIT_CONVERSION = YES;
				GCC_WARN_ABOUT_RETURN_TYPE = YES_ERROR;
				GCC_WARN_UNDECLARED_SELECTOR = YES;
				GCC_WARN_UNINITIALIZED_AUTOS = YES_AGGRESSIVE;
				GCC_WARN_UNUSED_FUNCTION = YES;
				GCC_WARN_UNUSED_VARIABLE = YES;
				IPHONEOS_DEPLOYMENT_TARGET = 15.0;
				MTL_ENABLE_DEBUG_INFO = INCLUDE_SOURCE;
				MTL_FAST_MATH = YES;
				ONLY_ACTIVE_ARCH = YES;
				SDKROOT = iphoneos;
				SWIFT_ACTIVE_COMPILATION_CONDITIONS = DEBUG;
				SWIFT_OPTIMIZATION_LEVEL = "-Onone";
			};
			name = Debug;
		};
		C70199132818C5C500AAEF0A /* Release */ = {
			isa = XCBuildConfiguration;
			buildSettings = {
				ALWAYS_SEARCH_USER_PATHS = NO;
				CLANG_ANALYZER_NONNULL = YES;
				CLANG_ANALYZER_NUMBER_OBJECT_CONVERSION = YES_AGGRESSIVE;
				CLANG_CXX_LANGUAGE_STANDARD = "gnu++17";
				CLANG_ENABLE_MODULES = YES;
				CLANG_ENABLE_OBJC_ARC = YES;
				CLANG_ENABLE_OBJC_WEAK = YES;
				CLANG_WARN_BLOCK_CAPTURE_AUTORELEASING = YES;
				CLANG_WARN_BOOL_CONVERSION = YES;
				CLANG_WARN_COMMA = YES;
				CLANG_WARN_CONSTANT_CONVERSION = YES;
				CLANG_WARN_DEPRECATED_OBJC_IMPLEMENTATIONS = YES;
				CLANG_WARN_DIRECT_OBJC_ISA_USAGE = YES_ERROR;
				CLANG_WARN_DOCUMENTATION_COMMENTS = YES;
				CLANG_WARN_EMPTY_BODY = YES;
				CLANG_WARN_ENUM_CONVERSION = YES;
				CLANG_WARN_INFINITE_RECURSION = YES;
				CLANG_WARN_INT_CONVERSION = YES;
				CLANG_WARN_NON_LITERAL_NULL_CONVERSION = YES;
				CLANG_WARN_OBJC_IMPLICIT_RETAIN_SELF = YES;
				CLANG_WARN_OBJC_LITERAL_CONVERSION = YES;
				CLANG_WARN_OBJC_ROOT_CLASS = YES_ERROR;
				CLANG_WARN_QUOTED_INCLUDE_IN_FRAMEWORK_HEADER = YES;
				CLANG_WARN_RANGE_LOOP_ANALYSIS = YES;
				CLANG_WARN_STRICT_PROTOTYPES = YES;
				CLANG_WARN_SUSPICIOUS_MOVE = YES;
				CLANG_WARN_UNGUARDED_AVAILABILITY = YES_AGGRESSIVE;
				CLANG_WARN_UNREACHABLE_CODE = YES;
				CLANG_WARN__DUPLICATE_METHOD_MATCH = YES;
				COPY_PHASE_STRIP = NO;
				DEBUG_INFORMATION_FORMAT = "dwarf-with-dsym";
				ENABLE_NS_ASSERTIONS = NO;
				ENABLE_STRICT_OBJC_MSGSEND = YES;
				GCC_C_LANGUAGE_STANDARD = gnu11;
				GCC_NO_COMMON_BLOCKS = YES;
				GCC_WARN_64_TO_32_BIT_CONVERSION = YES;
				GCC_WARN_ABOUT_RETURN_TYPE = YES_ERROR;
				GCC_WARN_UNDECLARED_SELECTOR = YES;
				GCC_WARN_UNINITIALIZED_AUTOS = YES_AGGRESSIVE;
				GCC_WARN_UNUSED_FUNCTION = YES;
				GCC_WARN_UNUSED_VARIABLE = YES;
				IPHONEOS_DEPLOYMENT_TARGET = 15.0;
				MTL_ENABLE_DEBUG_INFO = NO;
				MTL_FAST_MATH = YES;
				SDKROOT = iphoneos;
				SWIFT_COMPILATION_MODE = wholemodule;
				SWIFT_OPTIMIZATION_LEVEL = "-O";
				VALIDATE_PRODUCT = YES;
			};
			name = Release;
		};
		C70199152818C5C500AAEF0A /* Debug */ = {
			isa = XCBuildConfiguration;
			buildSettings = {
				ASSETCATALOG_COMPILER_APPICON_NAME = AppIcon;
				ASSETCATALOG_COMPILER_GLOBAL_ACCENT_COLOR_NAME = AccentColor;
				CODE_SIGN_STYLE = Automatic;
				CURRENT_PROJECT_VERSION = 1;
				DEVELOPMENT_ASSET_PATHS = "\"MemojiCollector/Preview Content\"";
				DEVELOPMENT_TEAM = Z629PZ4XVL;
				ENABLE_PREVIEWS = YES;
				GENERATE_INFOPLIST_FILE = YES;
				INFOPLIST_KEY_NSPhotoLibraryAddUsageDescription = "미모지를 사진을 등록하기 위해 사진첩 권한이 필요합니다.";
				INFOPLIST_KEY_UIApplicationSceneManifest_Generation = YES;
				INFOPLIST_KEY_UIApplicationSupportsIndirectInputEvents = YES;
				INFOPLIST_KEY_UILaunchScreen_Generation = YES;
				INFOPLIST_KEY_UISupportedInterfaceOrientations_iPad = "UIInterfaceOrientationPortrait UIInterfaceOrientationPortraitUpsideDown UIInterfaceOrientationLandscapeLeft UIInterfaceOrientationLandscapeRight";
				INFOPLIST_KEY_UISupportedInterfaceOrientations_iPhone = "UIInterfaceOrientationPortrait UIInterfaceOrientationLandscapeLeft UIInterfaceOrientationLandscapeRight";
				LD_RUNPATH_SEARCH_PATHS = (
					"$(inherited)",
					"@executable_path/Frameworks",
				);
				MARKETING_VERSION = 1.0;
				PRODUCT_BUNDLE_IDENTIFIER = com.moonjs.MemojiCollector;
				PRODUCT_NAME = "$(TARGET_NAME)";
				SWIFT_EMIT_LOC_STRINGS = YES;
				SWIFT_VERSION = 5.0;
				TARGETED_DEVICE_FAMILY = "1,2";
			};
			name = Debug;
		};
		C70199162818C5C500AAEF0A /* Release */ = {
			isa = XCBuildConfiguration;
			buildSettings = {
				ASSETCATALOG_COMPILER_APPICON_NAME = AppIcon;
				ASSETCATALOG_COMPILER_GLOBAL_ACCENT_COLOR_NAME = AccentColor;
				CODE_SIGN_STYLE = Automatic;
				CURRENT_PROJECT_VERSION = 1;
				DEVELOPMENT_ASSET_PATHS = "\"MemojiCollector/Preview Content\"";
				DEVELOPMENT_TEAM = Z629PZ4XVL;
				ENABLE_PREVIEWS = YES;
				GENERATE_INFOPLIST_FILE = YES;
				INFOPLIST_KEY_NSPhotoLibraryAddUsageDescription = "미모지를 사진을 등록하기 위해 사진첩 권한이 필요합니다.";
				INFOPLIST_KEY_UIApplicationSceneManifest_Generation = YES;
				INFOPLIST_KEY_UIApplicationSupportsIndirectInputEvents = YES;
				INFOPLIST_KEY_UILaunchScreen_Generation = YES;
				INFOPLIST_KEY_UISupportedInterfaceOrientations_iPad = "UIInterfaceOrientationPortrait UIInterfaceOrientationPortraitUpsideDown UIInterfaceOrientationLandscapeLeft UIInterfaceOrientationLandscapeRight";
				INFOPLIST_KEY_UISupportedInterfaceOrientations_iPhone = "UIInterfaceOrientationPortrait UIInterfaceOrientationLandscapeLeft UIInterfaceOrientationLandscapeRight";
				LD_RUNPATH_SEARCH_PATHS = (
					"$(inherited)",
					"@executable_path/Frameworks",
				);
				MARKETING_VERSION = 1.0;
				PRODUCT_BUNDLE_IDENTIFIER = com.moonjs.MemojiCollector;
				PRODUCT_NAME = "$(TARGET_NAME)";
				SWIFT_EMIT_LOC_STRINGS = YES;
				SWIFT_VERSION = 5.0;
				TARGETED_DEVICE_FAMILY = "1,2";
			};
			name = Release;
		};
/* End XCBuildConfiguration section */

/* Begin XCConfigurationList section */
		C70199012818C5C400AAEF0A /* Build configuration list for PBXProject "MemojiCollector" */ = {
			isa = XCConfigurationList;
			buildConfigurations = (
				C70199122818C5C500AAEF0A /* Debug */,
				C70199132818C5C500AAEF0A /* Release */,
			);
			defaultConfigurationIsVisible = 0;
			defaultConfigurationName = Release;
		};
		C70199142818C5C500AAEF0A /* Build configuration list for PBXNativeTarget "MemojiCollector" */ = {
			isa = XCConfigurationList;
			buildConfigurations = (
				C70199152818C5C500AAEF0A /* Debug */,
				C70199162818C5C500AAEF0A /* Release */,
			);
			defaultConfigurationIsVisible = 0;
			defaultConfigurationName = Release;
		};
/* End XCConfigurationList section */

/* Begin XCRemoteSwiftPackageReference section */
		C73C455C2819131F00E41406 /* XCRemoteSwiftPackageReference "firebase-ios-sdk" */ = {
			isa = XCRemoteSwiftPackageReference;
			repositoryURL = "https://github.com/firebase/firebase-ios-sdk";
			requirement = {
				kind = exactVersion;
				version = 8.9.1;
			};
		};
/* End XCRemoteSwiftPackageReference section */

/* Begin XCSwiftPackageProductDependency section */
		C73C455D2819131F00E41406 /* FirebaseAnalytics */ = {
			isa = XCSwiftPackageProductDependency;
			package = C73C455C2819131F00E41406 /* XCRemoteSwiftPackageReference "firebase-ios-sdk" */;
			productName = FirebaseAnalytics;
		};
		C73C455F2819131F00E41406 /* FirebaseStorage */ = {
			isa = XCSwiftPackageProductDependency;
			package = C73C455C2819131F00E41406 /* XCRemoteSwiftPackageReference "firebase-ios-sdk" */;
			productName = FirebaseStorage;
		};
		C73C45612819131F00E41406 /* FirebaseStorageCombine-Community */ = {
			isa = XCSwiftPackageProductDependency;
			package = C73C455C2819131F00E41406 /* XCRemoteSwiftPackageReference "firebase-ios-sdk" */;
			productName = "FirebaseStorageCombine-Community";
		};
		C73C45632819131F00E41406 /* FirebaseStorageSwift-Beta */ = {
			isa = XCSwiftPackageProductDependency;
			package = C73C455C2819131F00E41406 /* XCRemoteSwiftPackageReference "firebase-ios-sdk" */;
			productName = "FirebaseStorageSwift-Beta";
		};
/* End XCSwiftPackageProductDependency section */
	};
	rootObject = C70198FE2818C5C400AAEF0A /* Project object */;
}
